
Microsoft Visual Studio Solution File, Format Version 12.00
# Visual Studio Version 16
VisualStudioVersion = 16.0.29519.181
MinimumVisualStudioVersion = 10.0.40219.1
Project("{FAE04EC0-301F-11D3-BF4B-00C04F79EFBC}") = "WaniKaniApi.Test", "WaniKaniApi.Test\WaniKaniApi.Test.csproj", "{9689A305-C74B-4B0C-B465-937EF8B27C56}"
EndProject
Project("{FAE04EC0-301F-11D3-BF4B-00C04F79EFBC}") = "WaniKaniApi", "WaniKaniApi\WaniKaniApi.csproj", "{F157EF73-064E-4DE3-BA30-6C22F7FF4BEB}"
EndProject
Global
	GlobalSection(SolutionConfigurationPlatforms) = preSolution
		Debug|Any CPU = Debug|Any CPU
		Release|Any CPU = Release|Any CPU
	EndGlobalSection
	GlobalSection(ProjectConfigurationPlatforms) = postSolution
		{9689A305-C74B-4B0C-B465-937EF8B27C56}.Debug|Any CPU.ActiveCfg = Debug|Any CPU
		{9689A305-C74B-4B0C-B465-937EF8B27C56}.Debug|Any CPU.Build.0 = Debug|Any CPU
		{9689A305-C74B-4B0C-B465-937EF8B27C56}.Release|Any CPU.ActiveCfg = Release|Any CPU
		{9689A305-C74B-4B0C-B465-937EF8B27C56}.Release|Any CPU.Build.0 = Release|Any CPU
		{F157EF73-064E-4DE3-BA30-6C22F7FF4BEB}.Debug|Any CPU.ActiveCfg = Debug|Any CPU
		{F157EF73-064E-4DE3-BA30-6C22F7FF4BEB}.Debug|Any CPU.Build.0 = Debug|Any CPU
		{F157EF73-064E-4DE3-BA30-6C22F7FF4BEB}.Release|Any CPU.ActiveCfg = Release|Any CPU
		{F157EF73-064E-4DE3-BA30-6C22F7FF4BEB}.Release|Any CPU.Build.0 = Release|Any CPU
	EndGlobalSection
	GlobalSection(SolutionProperties) = preSolution
		HideSolutionNode = FALSE
	EndGlobalSection
	GlobalSection(ExtensibilityGlobals) = postSolution
		SolutionGuid = {26F62378-37DA-440C-919F-93874759F920}
	EndGlobalSection
EndGlobal
